
Microsoft Visual Studio Solution File, Format Version 12.00
# Visual Studio 14
VisualStudioVersion = 14.0.25420.1
MinimumVisualStudioVersion = 10.0.40219.1
Project("{FAE04EC0-301F-11D3-BF4B-00C04F79EFBC}") = "GBT.Plugin.Core", "GBT.Plugin.Core\GBT.Plugin.Core.csproj", "{E2EF4106-7287-42D5-B111-D4491327BAF8}"
EndProject
Project("{FAE04EC0-301F-11D3-BF4B-00C04F79EFBC}") = "GBT.Plugin.Demo.App", "GBT.Plugin.Demo.App\GBT.Plugin.Demo.App.csproj", "{F568A794-7EFB-4B64-B9A0-E96EFD2C4696}"
EndProject
Project("{FAE04EC0-301F-11D3-BF4B-00C04F79EFBC}") = "GBT.Plugin.Demo.Core", "GBT.Plugin.Demo.Core\GBT.Plugin.Demo.Core.csproj", "{D090C3F6-5ECB-4A84-A1E0-2EEDCCAC8273}"
EndProject
Project("{FAE04EC0-301F-11D3-BF4B-00C04F79EFBC}") = "GBT.Plugin.Demo.FirstPlugin", "GBT.Plugin.Demo.FirstPlugin\GBT.Plugin.Demo.FirstPlugin.csproj", "{D6FDA6E7-1E7F-4E92-ADC1-D679EE729743}"
	ProjectSection(ProjectDependencies) = postProject
		{F568A794-7EFB-4B64-B9A0-E96EFD2C4696} = {F568A794-7EFB-4B64-B9A0-E96EFD2C4696}
	EndProjectSection
EndProject
Project("{FAE04EC0-301F-11D3-BF4B-00C04F79EFBC}") = "GBT.Plugin.Demo.SecondPlugin", "GBT.Plugin.Demo.SecondPlugin\GBT.Plugin.Demo.SecondPlugin.csproj", "{8A681759-FC90-431B-BB1C-B6B07AA81035}"
	ProjectSection(ProjectDependencies) = postProject
		{F568A794-7EFB-4B64-B9A0-E96EFD2C4696} = {F568A794-7EFB-4B64-B9A0-E96EFD2C4696}
	EndProjectSection
EndProject
Project("{2150E333-8FDC-42A3-9474-1A3956D46DE8}") = "Framework", "Framework", "{15501F63-487E-4CC7-BE16-0B3DAF099DC6}"
EndProject
Project("{2150E333-8FDC-42A3-9474-1A3956D46DE8}") = "Examples", "Examples", "{C3DA6DFE-D8B5-4CBD-8A86-8088AB07F152}"
EndProject
Project("{2150E333-8FDC-42A3-9474-1A3956D46DE8}") = "GitFiles", "GitFiles", "{BBBCFE88-BD80-40DF-98D1-B69357E9CE3B}"
	ProjectSection(SolutionItems) = preProject
		LICENSE = LICENSE
		README.md = README.md
	EndProjectSection
EndProject
Project("{2150E333-8FDC-42A3-9474-1A3956D46DE8}") = "Tests", "Tests", "{52BEE9B4-400F-46C9-8FFB-42CAB8553A7E}"
EndProject
Project("{FAE04EC0-301F-11D3-BF4B-00C04F79EFBC}") = "GBT.Plugin.Core.Tests", "GBT.Plugin.Core.Tests\GBT.Plugin.Core.Tests.csproj", "{CF2465AF-25CA-4175-B094-2BBF444C6444}"
EndProject
Project("{2150E333-8FDC-42A3-9474-1A3956D46DE8}") = "FakePlugins", "FakePlugins", "{D31E0FB3-0141-4422-B7B2-DC07348B1560}"
EndProject
Global
	GlobalSection(SolutionConfigurationPlatforms) = preSolution
		Debug|Any CPU = Debug|Any CPU
		Release|Any CPU = Release|Any CPU
	EndGlobalSection
	GlobalSection(ProjectConfigurationPlatforms) = postSolution
		{E2EF4106-7287-42D5-B111-D4491327BAF8}.Debug|Any CPU.ActiveCfg = Debug|Any CPU
		{E2EF4106-7287-42D5-B111-D4491327BAF8}.Debug|Any CPU.Build.0 = Debug|Any CPU
		{E2EF4106-7287-42D5-B111-D4491327BAF8}.Release|Any CPU.ActiveCfg = Release|Any CPU
		{E2EF4106-7287-42D5-B111-D4491327BAF8}.Release|Any CPU.Build.0 = Release|Any CPU
		{F568A794-7EFB-4B64-B9A0-E96EFD2C4696}.Debug|Any CPU.ActiveCfg = Debug|Any CPU
		{F568A794-7EFB-4B64-B9A0-E96EFD2C4696}.Debug|Any CPU.Build.0 = Debug|Any CPU
		{F568A794-7EFB-4B64-B9A0-E96EFD2C4696}.Release|Any CPU.ActiveCfg = Release|Any CPU
		{F568A794-7EFB-4B64-B9A0-E96EFD2C4696}.Release|Any CPU.Build.0 = Release|Any CPU
		{D090C3F6-5ECB-4A84-A1E0-2EEDCCAC8273}.Debug|Any CPU.ActiveCfg = Debug|Any CPU
		{D090C3F6-5ECB-4A84-A1E0-2EEDCCAC8273}.Debug|Any CPU.Build.0 = Debug|Any CPU
		{D090C3F6-5ECB-4A84-A1E0-2EEDCCAC8273}.Release|Any CPU.ActiveCfg = Release|Any CPU
		{D090C3F6-5ECB-4A84-A1E0-2EEDCCAC8273}.Release|Any CPU.Build.0 = Release|Any CPU
		{D6FDA6E7-1E7F-4E92-ADC1-D679EE729743}.Debug|Any CPU.ActiveCfg = Debug|Any CPU
		{D6FDA6E7-1E7F-4E92-ADC1-D679EE729743}.Debug|Any CPU.Build.0 = Debug|Any CPU
		{D6FDA6E7-1E7F-4E92-ADC1-D679EE729743}.Release|Any CPU.ActiveCfg = Release|Any CPU
		{D6FDA6E7-1E7F-4E92-ADC1-D679EE729743}.Release|Any CPU.Build.0 = Release|Any CPU
		{8A681759-FC90-431B-BB1C-B6B07AA81035}.Debug|Any CPU.ActiveCfg = Debug|Any CPU
		{8A681759-FC90-431B-BB1C-B6B07AA81035}.Debug|Any CPU.Build.0 = Debug|Any CPU
		{8A681759-FC90-431B-BB1C-B6B07AA81035}.Release|Any CPU.ActiveCfg = Release|Any CPU
		{8A681759-FC90-431B-BB1C-B6B07AA81035}.Release|Any CPU.Build.0 = Release|Any CPU
		{CF2465AF-25CA-4175-B094-2BBF444C6444}.Debug|Any CPU.ActiveCfg = Debug|Any CPU
		{CF2465AF-25CA-4175-B094-2BBF444C6444}.Debug|Any CPU.Build.0 = Debug|Any CPU
		{CF2465AF-25CA-4175-B094-2BBF444C6444}.Release|Any CPU.ActiveCfg = Release|Any CPU
		{CF2465AF-25CA-4175-B094-2BBF444C6444}.Release|Any CPU.Build.0 = Release|Any CPU
	EndGlobalSection
	GlobalSection(SolutionProperties) = preSolution
		HideSolutionNode = FALSE
	EndGlobalSection
	GlobalSection(NestedProjects) = preSolution
		{E2EF4106-7287-42D5-B111-D4491327BAF8} = {15501F63-487E-4CC7-BE16-0B3DAF099DC6}
		{F568A794-7EFB-4B64-B9A0-E96EFD2C4696} = {C3DA6DFE-D8B5-4CBD-8A86-8088AB07F152}
		{D090C3F6-5ECB-4A84-A1E0-2EEDCCAC8273} = {C3DA6DFE-D8B5-4CBD-8A86-8088AB07F152}
		{D6FDA6E7-1E7F-4E92-ADC1-D679EE729743} = {C3DA6DFE-D8B5-4CBD-8A86-8088AB07F152}
		{8A681759-FC90-431B-BB1C-B6B07AA81035} = {C3DA6DFE-D8B5-4CBD-8A86-8088AB07F152}
		{CF2465AF-25CA-4175-B094-2BBF444C6444} = {52BEE9B4-400F-46C9-8FFB-42CAB8553A7E}
		{D31E0FB3-0141-4422-B7B2-DC07348B1560} = {52BEE9B4-400F-46C9-8FFB-42CAB8553A7E}
	EndGlobalSection
EndGlobal
